{
    "_meta": {
        "hash": {
            "sha256": "601a8f7e10bd08a4bcdc2378a5d0c5cec11d172f6a3501cb7ffb42462b83e81f"
        },
        "pipfile-spec": 6,
        "requires": {
            "python_version": "3.7"
        },
        "sources": [
            {
                "name": "pypi",
                "url": "https://pypi.org/simple",
                "verify_ssl": true
            }
        ]
    },
    "default": {
        "click": {
            "hashes": [
                "sha256:d2b5255c7c6349bc1bd1e59e08cd12acbbd63ce649f2588755783aa94dfb6b1a",
                "sha256:dacca89f4bfadd5de3d7489b7c8a566eee0d3676333fbb50030263894c38c0dc"
            ],
            "markers": "python_version < '3.8'",
            "version": "==7.1.2"
        },
        "gh-io-stubs": {
            "hashes": [
                "sha256:557293ee6374ea73b0f8c4cf4ec3fd25c4b2b11a315ab9e3c6da6db1c8de62f5"
            ],
            "version": "==7.7.21140"
        },
        "gh-util-stubs": {
            "hashes": [
                "sha256:f0d47d24698a16adfb868a5cff40f3a9bff02c4fb4f1eb5a3cbd8cde734b9062"
            ],
            "version": "==7.7.21140"
        },
        "grasshopper-stubs": {
            "hashes": [
                "sha256:9f9aec05041f16cb26aa3942c3f4c51198bf012f2b69f605dac0a2a3be015a4c"
            ],
            "index": "pypi",
            "version": "==7.7.21140"
        },
        "ladybug": {
            "hashes": [
                "sha256:10a0ad4819b4492755e50f61b8c04fef5498886f9f8a4928ea56fbd26ffacb8a"
            ],
            "index": "pypi",
            "version": "==0.0.2"
        },
        "ladybug-core": {
            "hashes": [
                "sha256:b1b8896c008fcf00e829654b86d42016f2211debae869bd8beb5b580c1eabf13",
                "sha256:c48333757e67dc1e5f51d5ec4270fb680f5bbcb12d8dda9b952c9be16fc98f58"
            ],
            "version": "==0.42.19"
        },
        "ladybug-display": {
            "hashes": [
                "sha256:04eb89ec404c12769ddf70ed3c69d1eb1ee7c27fa0e72edea469ff165d33b6a7",
                "sha256:d0de5e2c861d9283155bbd0840eed5cf195db0330795de1c3b2b054ca9371eba"
            ],
            "version": "==0.11.1"
        },
        "ladybug-geometry": {
            "hashes": [
                "sha256:4e902a30f17b40ad0c4cc65ab95c750d9b35a66a895933cd732bebe2f605b24f",
                "sha256:fbb56f7214938f4fc747e4830637c6372ef1861f270dcec6475dde0dd0da45a0"
            ],
            "version": "==1.30.4"
        },
        "ladybug-rhino": {
            "hashes": [
                "sha256:3c8893b7ff86ac96de31ca9e074abbf101098e0e94f8a6b5818c2be1ad3424cc",
                "sha256:d518b688868b224f5874551b977eb96effc564e9ba5b30c10b9ac05cf1d36032"
            ],
            "index": "pypi",
            "version": "==1.42.11"
        },
        "numpy": {
            "hashes": [
                "sha256:1dbe1c91269f880e364526649a52eff93ac30035507ae980d2fed33aaee633ac",
                "sha256:357768c2e4451ac241465157a3e929b265dfac85d9214074985b1786244f2ef3",
                "sha256:3820724272f9913b597ccd13a467cc492a0da6b05df26ea09e78b171a0bb9da6",
                "sha256:4391bd07606be175aafd267ef9bea87cf1b8210c787666ce82073b05f202add1",
                "sha256:4aa48afdce4660b0076a00d80afa54e8a97cd49f457d68a4342d188a09451c1a",
                "sha256:58459d3bad03343ac4b1b42ed14d571b8743dc80ccbf27444f266729df1d6f5b",
                "sha256:5c3c8def4230e1b959671eb959083661b4a0d2e9af93ee339c7dada6759a9470",
                "sha256:5f30427731561ce75d7048ac254dbe47a2ba576229250fb60f0fb74db96501a1",
                "sha256:643843bcc1c50526b3a71cd2ee561cf0d8773f062c8cbaf9ffac9fdf573f83ab",
                "sha256:67c261d6c0a9981820c3a149d255a76918278a6b03b6a036800359aba1256d46",
                "sha256:67f21981ba2f9d7ba9ade60c9e8cbaa8cf8e9ae51673934480e45cf55e953673",
                "sha256:6aaf96c7f8cebc220cdfc03f1d5a31952f027dda050e5a703a0d1c396075e3e7",
                "sha256:7c4068a8c44014b2d55f3c3f574c376b2494ca9cc73d2f1bd692382b6dffe3db",
                "sha256:7c7e5fa88d9ff656e067876e4736379cc962d185d5cd808014a8a928d529ef4e",
                "sha256:7f5ae4f304257569ef3b948810816bc87c9146e8c446053539947eedeaa32786",
                "sha256:82691fda7c3f77c90e62da69ae60b5ac08e87e775b09813559f8901a88266552",
                "sha256:8737609c3bbdd48e380d463134a35ffad3b22dc56295eff6f79fd85bd0eeeb25",
                "sha256:9f411b2c3f3d76bba0865b35a425157c5dcf54937f82bbeb3d3c180789dd66a6",
                "sha256:a6be4cb0ef3b8c9250c19cc122267263093eee7edd4e3fa75395dfda8c17a8e2",
                "sha256:bcb238c9c96c00d3085b264e5c1a1207672577b93fa666c3b14a45240b14123a",
                "sha256:bf2ec4b75d0e9356edea834d1de42b31fe11f726a81dfb2c2112bc1eaa508fcf",
                "sha256:d136337ae3cc69aa5e447e78d8e1514be8c3ec9b54264e680cf0b4bd9011574f",
                "sha256:d4bf4d43077db55589ffc9009c0ba0a94fa4908b9586d6ccce2e0b164c86303c",
                "sha256:d6a96eef20f639e6a97d23e57dd0c1b1069a7b4fd7027482a4c5c451cd7732f4",
                "sha256:d9caa9d5e682102453d96a0ee10c7241b72859b01a941a397fd965f23b3e016b",
                "sha256:dd1c8f6bd65d07d3810b90d02eba7997e32abbdf1277a481d698969e921a3be0",
                "sha256:e31f0bb5928b793169b87e3d1e070f2342b22d5245c755e2b81caa29756246c3",
                "sha256:ecb55251139706669fdec2ff073c98ef8e9a84473e51e716211b41aa0f18e656",
                "sha256:ee5ec40fdd06d62fe5d4084bef4fd50fd4bb6bfd2bf519365f569dc470163ab0",
                "sha256:f17e562de9edf691a42ddb1eb4a5541c20dd3f9e65b09ded2beb0799c0cf29bb",
                "sha256:fdffbfb6832cd0b300995a2b08b8f6fa9f6e856d562800fea9182316d99c4e8e"
            ],
            "index": "pypi",
            "markers": "python_version < '3.11' and python_version >= '3.7'",
            "version": "==1.21.6"
        },
        "pandas": {
            "hashes": [
                "sha256:1e4285f5de1012de20ca46b188ccf33521bff61ba5c5ebd78b4fb28e5416a9f1",
                "sha256:8025750767e138320b15ca16d70d5cdc1886e8f9cc56652d89735c016cd8aea6"
            ],
            "index": "pypi",
            "markers": "python_full_version >= '3.7.1'",
            "version": "==1.3.5"
        },
        "pipdeptree": {
            "hashes": [
                "sha256:de93f990d21224297c9f03e057da5a3dc65ff732a0147945dd9421671f13626b",
                "sha256:f815caf165e89c576ce659b866c7a82ae4590420c2d020a92d32e45097f8bc73"
            ],
            "index": "pypi",
            "markers": "python_version >= '3.7'",
            "version": "==2.9.6"
        },
        "python-dateutil": {
            "hashes": [
                "sha256:37dd54208da7e1cd875388217d5e00ebd4179249f90fb72437e91a35459a0ad3",
                "sha256:a8b2bc7bffae282281c8140a97d3aa9c14da0b136dfe83f850eea9a5f7470427"
            ],
            "markers": "python_version >= '2.7' and python_version not in '3.0, 3.1, 3.2, 3.3'",
            "version": "==2.9.0.post0"
        },
        "pytz": {
            "hashes": [
                "sha256:2a29735ea9c18baf14b448846bde5a48030ed267578472d8955cd0e7443a9812",
                "sha256:328171f4e3623139da4983451950b28e95ac706e13f3f2630a879749e7a8b319"
            ],
            "version": "==2024.1"
        },
        "rhino-stubs": {
            "hashes": [
                "sha256:4df14e461de5493d6fa2e110c81cebdf79f8aebc0506f29e0ca968967aff350b"
            ],
            "index": "pypi",
            "version": "==7.7.21140"
        },
        "six": {
            "hashes": [
                "sha256:1e61c37477a1626458e36f7b1d82aa5c9b094fa4802892072e49de9c60c4c926",
                "sha256:8abb2f1d86890a2dfb989f9a77cfcfd3e47c2a354b01111771326f8aa26e0254"
            ],
            "markers": "python_version >= '2.7' and python_version not in '3.0, 3.1, 3.2, 3.3'",
            "version": "==1.16.0"
        }
    },
    "develop": {
        "backcall": {
            "hashes": [
                "sha256:5cbdbf27be5e7cfadb448baf0aa95508f91f2bbc6c6437cd9cd06e2a4c215e1e",
                "sha256:fbbce6a29f263178a1f7915c1940bde0ec2b2a967566fe1c65c1dfb7422bd255"
            ],
            "version": "==0.2.0"
        },
        "colorama": {
            "hashes": [
                "sha256:08695f5cb7ed6e0531a20572697297273c47b8cae5a63ffc6d6ed5c201be6e44",
                "sha256:4f1d9991f5acc0ca119f9d443620b77f9d6b33703e51011c16baf57afb285fc6"
            ],
            "markers": "sys_platform == 'win32'",
            "version": "==0.4.6"
        },
        "debugpy": {
            "hashes": [
                "sha256:0e90314a078d4e3f009520c8387aba8f74c3034645daa7a332a3d1bb81335756",
                "sha256:676911c710e85567b17172db934a71319ed9d995104610ce23fd74a07f66e6f6",
                "sha256:f6de2e6f24f62969e0f0ef682d78c98161c4dca29e9fb05df4d2989005005502"
            ],
            "markers": "python_version >= '3.7'",
            "version": "==1.7.0"
        },
        "decorator": {
            "hashes": [
                "sha256:637996211036b6385ef91435e4fae22989472f9d571faba8927ba8253acbc330",
                "sha256:b8c3f85900b9dc423225913c5aace94729fe1fa9763b38939a95226f02d37186"
            ],
            "markers": "python_version >= '3.5'",
            "version": "==5.1.1"
        },
        "entrypoints": {
            "hashes": [
                "sha256:b706eddaa9218a19ebcd67b56818f05bb27589b1ca9e8d797b74affad4ccacd4",
                "sha256:f174b5ff827504fd3cd97cc3f8649f3693f51538c7e4bdf3ef002c8429d42f9f"
            ],
            "markers": "python_version >= '3.6'",
            "version": "==0.4"
        },
        "ipykernel": {
            "hashes": [
                "sha256:463f3d87a92e99969b1605cb7a5b4d7b36b7145a0e72d06e65918a6ddefbe630",
                "sha256:67daf93e5b52456cd8eea87a8b59405d2bb80ae411864a1ea206c3631d8179af"
            ],
            "index": "pypi",
            "markers": "python_version >= '3.7'",
            "version": "==6.16.2"
        },
        "ipython": {
            "hashes": [
                "sha256:af3bdb46aa292bce5615b1b2ebc76c2080c5f77f54bda2ec72461317273e7cd6",
                "sha256:c175d2440a1caff76116eb719d40538fbb316e214eda85c5515c303aacbfb23e"
            ],
            "markers": "python_version >= '3.7'",
            "version": "==7.34.0"
        },
        "jedi": {
            "hashes": [
                "sha256:cf0496f3651bc65d7174ac1b7d043eff454892c708a87d1b683e57b569927ffd",
                "sha256:e983c654fe5c02867aef4cdfce5a2fbb4a50adc0af145f70504238f18ef5e7e0"
            ],
            "markers": "python_version >= '3.6'",
            "version": "==0.19.1"
        },
        "jupyter-client": {
            "hashes": [
                "sha256:214668aaea208195f4c13d28eb272ba79f945fc0cf3f11c7092c20b2ca1980e7",
                "sha256:52be28e04171f07aed8f20e1616a5a552ab9fee9cbbe6c1896ae170c3880d392"
            ],
            "markers": "python_version >= '3.7'",
            "version": "==7.4.9"
        },
        "jupyter-core": {
            "hashes": [
                "sha256:87f39d7642412ae8a52291cc68e71ac01dfa2c735df2701f8108251d51b4f460",
                "sha256:a54672c539333258495579f6964144924e0aa7b07f7069947bef76d7ea5cb4c1"
            ],
            "markers": "python_version >= '3.7'",
            "version": "==4.12.0"
        },
        "matplotlib-inline": {
            "hashes": [
                "sha256:f1f41aab5328aa5aaea9b16d083b128102f8712542f819fe7e6a420ff581b311",
                "sha256:f887e5f10ba98e8d2b150ddcf4702c1e5f8b3a20005eb0f74bfdbd360ee6f304"
            ],
            "markers": "python_version >= '3.5'",
            "version": "==0.1.6"
        },
        "nest-asyncio": {
            "hashes": [
                "sha256:6f172d5449aca15afd6c646851f4e31e02c598d553a667e38cafa997cfec55fe",
                "sha256:87af6efd6b5e897c81050477ef65c62e2b2f35d51703cae01aff2905b1852e1c"
            ],
            "markers": "python_version >= '3.5'",
            "version": "==1.6.0"
        },
        "packaging": {
            "hashes": [
                "sha256:2ddfb553fdf02fb784c234c7ba6ccc288296ceabec964ad2eae3777778130bc5",
                "sha256:eb82c5e3e56209074766e6885bb04b8c38a0c015d0a30036ebe7ece34c9989e9"
            ],
            "markers": "python_version >= '3.7'",
            "version": "==24.0"
        },
        "parso": {
            "hashes": [
                "sha256:8c07be290bb59f03588915921e29e8a50002acaf2cdc5fa0e0114f91709fafa0",
                "sha256:c001d4636cd3aecdaf33cbb40aebb59b094be2a74c556778ef5576c175e19e75"
            ],
            "markers": "python_version >= '3.6'",
            "version": "==0.8.3"
        },
        "pickleshare": {
            "hashes": [
                "sha256:87683d47965c1da65cdacaf31c8441d12b8044cdec9aca500cd78fc2c683afca",
                "sha256:9649af414d74d4df115d5d718f82acb59c9d418196b7b4290ed47a12ce62df56"
            ],
            "version": "==0.7.5"
        },
        "prompt-toolkit": {
            "hashes": [
                "sha256:3527b7af26106cbc65a040bcc84839a3566ec1b051bb0bfe953631e704b0ff7d",
                "sha256:a11a29cb3bf0a28a387fe5122cdb649816a957cd9261dcedf8c9f1fef33eacf6"
            ],
            "markers": "python_full_version >= '3.7.0'",
            "version": "==3.0.43"
        },
        "psutil": {
            "hashes": [
                "sha256:6be126e3225486dff286a8fb9a06246a5253f4c7c53b475ea5f5ac934e64194c",
                "sha256:8db4c1b57507eef143a15a6884ca10f7c73876cdf5d51e713151c1236a0e68cf"
            ],
            "markers": "python_version >= '2.7' and python_version not in '3.0, 3.1, 3.2, 3.3, 3.4, 3.5'",
            "version": "==5.9.8"
        },
        "pygments": {
            "hashes": [
                "sha256:b27c2826c47d0f3219f29554824c30c5e8945175d888647acd804ddd04af846c",
                "sha256:da46cec9fd2de5be3a8a784f434e4c4ab670b4ff54d605c4c2717e9d49c4c367"
            ],
            "markers": "python_version >= '3.7'",
            "version": "==2.17.2"
        },
        "python-dateutil": {
            "hashes": [
                "sha256:37dd54208da7e1cd875388217d5e00ebd4179249f90fb72437e91a35459a0ad3",
                "sha256:a8b2bc7bffae282281c8140a97d3aa9c14da0b136dfe83f850eea9a5f7470427"
            ],
            "markers": "python_version >= '2.7' and python_version not in '3.0, 3.1, 3.2, 3.3'",
            "version": "==2.9.0.post0"
        },
        "pywin32": {
            "hashes": [
                "sha256:72c5f621542d7bdd4fdb716227be0dd3f8565c11b280be6315b06ace35487d36"
            ],
            "markers": "sys_platform == 'win32' and platform_python_implementation != 'PyPy'",
            "version": "==306"
        },
        "pyzmq": {
            "hashes": [
                "sha256:6cc0020b74b2e410287e5942e1e10886ff81ac77789eb20bec13f7ae681f0fdd",
                "sha256:93f1aa311e8bb912e34f004cf186407a4e90eec4f0ecc0efd26056bf7eda0226"
            ],
            "markers": "python_version >= '3.6'",
            "version": "==25.1.2"
        },
        "setuptools": {
            "hashes": [
                "sha256:11e52c67415a381d10d6b462ced9cfb97066179f0e871399e006c4ab101fc85f",
                "sha256:baf1fdb41c6da4cd2eae722e135500da913332ab3f2f5c7d33af9b492acb5235"
            ],
            "markers": "python_version >= '3.7'",
            "version": "==68.0.0"
        },
        "six": {
            "hashes": [
                "sha256:1e61c37477a1626458e36f7b1d82aa5c9b094fa4802892072e49de9c60c4c926",
                "sha256:8abb2f1d86890a2dfb989f9a77cfcfd3e47c2a354b01111771326f8aa26e0254"
            ],
            "markers": "python_version >= '2.7' and python_version not in '3.0, 3.1, 3.2, 3.3'",
            "version": "==1.16.0"
        },
        "tornado": {
            "hashes": [
                "sha256:9b630419bde84ec666bfd7ea0a4cb2a8a651c2d5cccdbdd1972a0c859dfc3c13",
                "sha256:e5f923aa6a47e133d1cf87d60700889d7eae68988704e20c75fb2d65677a8e4b"
            ],
            "markers": "python_version >= '3.7'",
            "version": "==6.2"
        },
        "traitlets": {
            "hashes": [
                "sha256:9e6ec080259b9a5940c797d58b613b5e31441c2257b87c2e795c5228ae80d2d8",
                "sha256:f6cde21a9c68cf756af02035f72d5a723bf607e862e7be33ece505abf4a3bad9"
            ],
            "markers": "python_version >= '3.7'",
            "version": "==5.9.0"
        },
        "wcwidth": {
            "hashes": [
                "sha256:3da69048e4540d84af32131829ff948f1e022c1c6bdb8d6102117aac784f6859",
                "sha256:72ea0c06399eb286d978fdedb6923a9eb47e1c486ce63e9b4e64fc18303972b5"
            ],
            "version": "==0.2.13"
        }
    }
}
